
Microsoft Visual Studio Solution File, Format Version 12.00
# Visual Studio Version 17
VisualStudioVersion = 17.7.34202.233
MinimumVisualStudioVersion = 10.0.40219.1
Project("{FAE04EC0-301F-11D3-BF4B-00C04F79EFBC}") = "WebApi", "WebApi\WebApi.csproj", "{83FFECD2-1292-4B38-A7B7-4CF6B80F8BA7}"
EndProject
Project("{FAE04EC0-301F-11D3-BF4B-00C04F79EFBC}") = "Persistence", "Persistence\Persistence.csproj", "{98230939-75DD-42D1-8330-4C8C5ACFAAC3}"
EndProject
Project("{FAE04EC0-301F-11D3-BF4B-00C04F79EFBC}") = "Domain", "Domain\Domain.csproj", "{E9429820-90EF-4DBD-8607-ABF84E508950}"
EndProject
Project("{FAE04EC0-301F-11D3-BF4B-00C04F79EFBC}") = "Application", "Application\Application.csproj", "{96B5CB86-EB3C-437D-B6C3-B8E3EFDDA825}"
EndProject
Project("{FAE04EC0-301F-11D3-BF4B-00C04F79EFBC}") = "Infrastructure", "Infrastructure\Infrastructure.csproj", "{DACCCC4B-56CA-433B-9D6B-3B9E972DFB77}"
EndProject
Global
	GlobalSection(SolutionConfigurationPlatforms) = preSolution
		Debug|Any CPU = Debug|Any CPU
		Release|Any CPU = Release|Any CPU
	EndGlobalSection
	GlobalSection(ProjectConfigurationPlatforms) = postSolution
		{83FFECD2-1292-4B38-A7B7-4CF6B80F8BA7}.Debug|Any CPU.ActiveCfg = Debug|Any CPU
		{83FFECD2-1292-4B38-A7B7-4CF6B80F8BA7}.Debug|Any CPU.Build.0 = Debug|Any CPU
		{83FFECD2-1292-4B38-A7B7-4CF6B80F8BA7}.Release|Any CPU.ActiveCfg = Release|Any CPU
		{83FFECD2-1292-4B38-A7B7-4CF6B80F8BA7}.Release|Any CPU.Build.0 = Release|Any CPU
		{98230939-75DD-42D1-8330-4C8C5ACFAAC3}.Debug|Any CPU.ActiveCfg = Debug|Any CPU
		{98230939-75DD-42D1-8330-4C8C5ACFAAC3}.Debug|Any CPU.Build.0 = Debug|Any CPU
		{98230939-75DD-42D1-8330-4C8C5ACFAAC3}.Release|Any CPU.ActiveCfg = Release|Any CPU
		{98230939-75DD-42D1-8330-4C8C5ACFAAC3}.Release|Any CPU.Build.0 = Release|Any CPU
		{E9429820-90EF-4DBD-8607-ABF84E508950}.Debug|Any CPU.ActiveCfg = Debug|Any CPU
		{E9429820-90EF-4DBD-8607-ABF84E508950}.Debug|Any CPU.Build.0 = Debug|Any CPU
		{E9429820-90EF-4DBD-8607-ABF84E508950}.Release|Any CPU.ActiveCfg = Release|Any CPU
		{E9429820-90EF-4DBD-8607-ABF84E508950}.Release|Any CPU.Build.0 = Release|Any CPU
		{96B5CB86-EB3C-437D-B6C3-B8E3EFDDA825}.Debug|Any CPU.ActiveCfg = Debug|Any CPU
		{96B5CB86-EB3C-437D-B6C3-B8E3EFDDA825}.Debug|Any CPU.Build.0 = Debug|Any CPU
		{96B5CB86-EB3C-437D-B6C3-B8E3EFDDA825}.Release|Any CPU.ActiveCfg = Release|Any CPU
		{96B5CB86-EB3C-437D-B6C3-B8E3EFDDA825}.Release|Any CPU.Build.0 = Release|Any CPU
		{DACCCC4B-56CA-433B-9D6B-3B9E972DFB77}.Debug|Any CPU.ActiveCfg = Debug|Any CPU
		{DACCCC4B-56CA-433B-9D6B-3B9E972DFB77}.Debug|Any CPU.Build.0 = Debug|Any CPU
		{DACCCC4B-56CA-433B-9D6B-3B9E972DFB77}.Release|Any CPU.ActiveCfg = Release|Any CPU
		{DACCCC4B-56CA-433B-9D6B-3B9E972DFB77}.Release|Any CPU.Build.0 = Release|Any CPU
	EndGlobalSection
	GlobalSection(SolutionProperties) = preSolution
		HideSolutionNode = FALSE
	EndGlobalSection
	GlobalSection(ExtensibilityGlobals) = postSolution
		SolutionGuid = {7704693A-9BC0-45E7-B260-9541C0189FA7}
	EndGlobalSection
EndGlobal
